
Microsoft Visual Studio Solution File, Format Version 12.00
# Visual Studio Version 16
VisualStudioVersion = 16.0.31025.194
MinimumVisualStudioVersion = 10.0.40219.1
Project("{9A19103F-16F7-4668-BE54-9A1E7A4F7556}") = "Entities", "Entities\Entities.csproj", "{845A955C-98EF-4FA0-B184-F56600733CCD}"
EndProject
Project("{9A19103F-16F7-4668-BE54-9A1E7A4F7556}") = "Business", "Business\Business.csproj", "{00B48195-487E-4610-9F48-0A52EBA5DB2A}"
EndProject
Project("{9A19103F-16F7-4668-BE54-9A1E7A4F7556}") = "DataAccess", "DataAccess\DataAccess.csproj", "{B1277262-1709-4741-9EA5-F27903FA6629}"
EndProject
Project("{9A19103F-16F7-4668-BE54-9A1E7A4F7556}") = "ConsoleUI", "ConsoleUI\ConsoleUI.csproj", "{CE7594DA-DBB7-4BE6-B3D7-0BF4CBDFE47C}"
EndProject
Project("{9A19103F-16F7-4668-BE54-9A1E7A4F7556}") = "Core", "Core\Core.csproj", "{D64447D2-583E-4A29-88AB-EF596711148B}"
EndProject
Project("{FAE04EC0-301F-11D3-BF4B-00C04F79EFBC}") = "WebAPI", "WebAPI\WebAPI.csproj", "{EFFF0811-4F91-42BB-95B3-3A48C63AAA6D}"
EndProject
Global
	GlobalSection(SolutionConfigurationPlatforms) = preSolution
		Debug|Any CPU = Debug|Any CPU
		Release|Any CPU = Release|Any CPU
	EndGlobalSection
	GlobalSection(ProjectConfigurationPlatforms) = postSolution
		{845A955C-98EF-4FA0-B184-F56600733CCD}.Debug|Any CPU.ActiveCfg = Debug|Any CPU
		{845A955C-98EF-4FA0-B184-F56600733CCD}.Debug|Any CPU.Build.0 = Debug|Any CPU
		{845A955C-98EF-4FA0-B184-F56600733CCD}.Release|Any CPU.ActiveCfg = Release|Any CPU
		{845A955C-98EF-4FA0-B184-F56600733CCD}.Release|Any CPU.Build.0 = Release|Any CPU
		{00B48195-487E-4610-9F48-0A52EBA5DB2A}.Debug|Any CPU.ActiveCfg = Debug|Any CPU
		{00B48195-487E-4610-9F48-0A52EBA5DB2A}.Debug|Any CPU.Build.0 = Debug|Any CPU
		{00B48195-487E-4610-9F48-0A52EBA5DB2A}.Release|Any CPU.ActiveCfg = Release|Any CPU
		{00B48195-487E-4610-9F48-0A52EBA5DB2A}.Release|Any CPU.Build.0 = Release|Any CPU
		{B1277262-1709-4741-9EA5-F27903FA6629}.Debug|Any CPU.ActiveCfg = Debug|Any CPU
		{B1277262-1709-4741-9EA5-F27903FA6629}.Debug|Any CPU.Build.0 = Debug|Any CPU
		{B1277262-1709-4741-9EA5-F27903FA6629}.Release|Any CPU.ActiveCfg = Release|Any CPU
		{B1277262-1709-4741-9EA5-F27903FA6629}.Release|Any CPU.Build.0 = Release|Any CPU
		{CE7594DA-DBB7-4BE6-B3D7-0BF4CBDFE47C}.Debug|Any CPU.ActiveCfg = Debug|Any CPU
		{CE7594DA-DBB7-4BE6-B3D7-0BF4CBDFE47C}.Debug|Any CPU.Build.0 = Debug|Any CPU
		{CE7594DA-DBB7-4BE6-B3D7-0BF4CBDFE47C}.Release|Any CPU.ActiveCfg = Release|Any CPU
		{CE7594DA-DBB7-4BE6-B3D7-0BF4CBDFE47C}.Release|Any CPU.Build.0 = Release|Any CPU
		{D64447D2-583E-4A29-88AB-EF596711148B}.Debug|Any CPU.ActiveCfg = Debug|Any CPU
		{D64447D2-583E-4A29-88AB-EF596711148B}.Debug|Any CPU.Build.0 = Debug|Any CPU
		{D64447D2-583E-4A29-88AB-EF596711148B}.Release|Any CPU.ActiveCfg = Release|Any CPU
		{D64447D2-583E-4A29-88AB-EF596711148B}.Release|Any CPU.Build.0 = Release|Any CPU
		{EFFF0811-4F91-42BB-95B3-3A48C63AAA6D}.Debug|Any CPU.ActiveCfg = Debug|Any CPU
		{EFFF0811-4F91-42BB-95B3-3A48C63AAA6D}.Debug|Any CPU.Build.0 = Debug|Any CPU
		{EFFF0811-4F91-42BB-95B3-3A48C63AAA6D}.Release|Any CPU.ActiveCfg = Release|Any CPU
		{EFFF0811-4F91-42BB-95B3-3A48C63AAA6D}.Release|Any CPU.Build.0 = Release|Any CPU
	EndGlobalSection
	GlobalSection(SolutionProperties) = preSolution
		HideSolutionNode = FALSE
	EndGlobalSection
	GlobalSection(ExtensibilityGlobals) = postSolution
		SolutionGuid = {72D2B70D-80E7-43B6-BBBE-1682A3949F9A}
	EndGlobalSection
EndGlobal
